Microsoft Visual Studio Solution File, Format Version 12.00
# Visual Studio 2012
Project("{FAE04EC0-301F-11D3-BF4B-00C04F79EFBC}") = "NecroMaster", "NecroMaster.csproj", "{8F31A4BE-EB11-4874-8A6A-84997D1968AE}"
EndProject
Global
	GlobalSection(SolutionConfigurationPlatforms) = preSolution
	Debug|Any CPU = Debug|Any CPU
	ExportDebug|Any CPU = ExportDebug|Any CPU
	ExportRelease|Any CPU = ExportRelease|Any CPU
	EndGlobalSection
	GlobalSection(ProjectConfigurationPlatforms) = postSolution
		{8F31A4BE-EB11-4874-8A6A-84997D1968AE}.Debug|Any CPU.ActiveCfg = Debug|Any CPU
		{8F31A4BE-EB11-4874-8A6A-84997D1968AE}.Debug|Any CPU.Build.0 = Debug|Any CPU
		{8F31A4BE-EB11-4874-8A6A-84997D1968AE}.ExportDebug|Any CPU.ActiveCfg = ExportDebug|Any CPU
		{8F31A4BE-EB11-4874-8A6A-84997D1968AE}.ExportDebug|Any CPU.Build.0 = ExportDebug|Any CPU
		{8F31A4BE-EB11-4874-8A6A-84997D1968AE}.ExportRelease|Any CPU.ActiveCfg = ExportRelease|Any CPU
		{8F31A4BE-EB11-4874-8A6A-84997D1968AE}.ExportRelease|Any CPU.Build.0 = ExportRelease|Any CPU
	EndGlobalSection
EndGlobal
